<?xml version="1.0" encoding="utf-8"?>
<Project ToolsVersion="4.0" xmlns="http://schemas.microsoft.com/developer/msbuild/2003">
  <ItemGroup>
    <Filter Include="ソース ファイル">
      <UniqueIdentifier>{4FC737F1-C7A5-4376-A066-2A32D752A2FF}</UniqueIdentifier>
      <Extensions>cpp;c;cc;cxx;def;odl;idl;hpj;bat;asm;asmx</Extensions>
    </Filter>
    <Filter Include="ヘッダー ファイル">
      <UniqueIdentifier>{93995380-89BD-4b04-88EB-625FBE52EBFB}</UniqueIdentifier>
      <Extensions>h;hh;hpp;hxx;hm;inl;inc;ipp;xsd</Extensions>
    </Filter>
    <Filter Include="リソース ファイル">
      <UniqueIdentifier>{67DA6AB6-F800-4c08-8B7A-83BB121AAD01}</UniqueIdentifier>
      <Extensions>rc;ico;cur;bmp;dlg;rc2;rct;bin;rgs;gif;jpg;jpeg;jpe;resx;tiff;tif;png;wav;mfcribbon-ms</Extensions>
    </Filter>
    <Filter Include="Enemy">
      <UniqueIdentifier>{2eb76108-bc44-4250-933d-0992cae258bf}</UniqueIdentifier>
    </Filter>
    <Filter Include="Player">
      <UniqueIdentifier>{ee80431e-532a-4e1e-8a92-ecc3b01f4ea9}</UniqueIdentifier>
    </Filter>
    <Filter Include="システム">
      <UniqueIdentifier>{cafdc855-de11-45d2-9a39-c5a09e93ab98}</UniqueIdentifier>
    </Filter>
    <Filter Include="scene">
      <UniqueIdentifier>{4e1804d7-74ce-402c-8b49-5678cd75bbc3}</UniqueIdentifier>
    </Filter>
    <Filter Include="Drew">
      <UniqueIdentifier>{0eb2cd7d-3c3a-412f-b3ce-0991665ea764}</UniqueIdentifier>
    </Filter>
  </ItemGroup>
  <ItemGroup>
    <ClCompile Include="main.cpp">
      <Filter>ソース ファイル</Filter>
    </ClCompile>
    <ClCompile Include="bullet.cpp">
      <Filter>Player</Filter>
    </ClCompile>
    <ClCompile Include="enemy.cpp">
      <Filter>Enemy</Filter>
    </ClCompile>
    <ClCompile Include="player.cpp">
      <Filter>Player</Filter>
    </ClCompile>
    <ClCompile Include="debugproc.cpp">
      <Filter>システム</Filter>
    </ClCompile>
    <ClCompile Include="collision.cpp">
      <Filter>システム</Filter>
    </ClCompile>
    <ClCompile Include="polygon.cpp">
      <Filter>システム</Filter>
    </ClCompile>
    <ClCompile Include="Texture.cpp">
      <Filter>システム</Filter>
    </ClCompile>
    <ClCompile Include="Shader.cpp">
      <Filter>システム</Filter>
    </ClCompile>
    <ClCompile Include="effect.cpp">
      <Filter>Drew</Filter>
    </ClCompile>
    <ClCompile Include="bg.cpp">
      <Filter>Drew</Filter>
    </ClCompile>
    <ClCompile Include="fade.cpp">
      <Filter>scene</Filter>
    </ClCompile>
    <ClCompile Include="flare.cpp">
      <Filter>Drew</Filter>
    </ClCompile>
    <ClCompile Include="game.cpp">
      <Filter>scene</Filter>
    </ClCompile>
    <ClCompile Include="gameover.cpp">
      <Filter>scene</Filter>
    </ClCompile>
    <ClCompile Include="input.cpp">
      <Filter>システム</Filter>
    </ClCompile>
    <ClCompile Include="number.cpp">
      <Filter>Drew</Filter>
    </ClCompile>
    <ClCompile Include="scene.cpp">
      <Filter>scene</Filter>
    </ClCompile>
    <ClCompile Include="title.cpp">
      <Filter>システム</Filter>
    </ClCompile>
    <ClCompile Include="score.cpp">
      <Filter>Drew</Filter>
    </ClCompile>
    <ClCompile Include="EnemyBuller.cpp">
      <Filter>Enemy</Filter>
    </ClCompile>
    <ClCompile Include="gameclear.cpp">
      <Filter>scene</Filter>
    </ClCompile>
    <ClCompile Include="EnemyUFO.cpp">
      <Filter>Enemy</Filter>
    </ClCompile>
    <ClCompile Include="gameclear02.cpp">
      <Filter>scene</Filter>
    </ClCompile>
  </ItemGroup>
  <ItemGroup>
    <ClInclude Include="main.h">
      <Filter>ヘッダー ファイル</Filter>
    </ClInclude>
    <ClInclude Include="enemy.h">
      <Filter>Enemy</Filter>
    </ClInclude>
    <ClInclude Include="bg.h">
      <Filter>Drew</Filter>
    </ClInclude>
    <ClInclude Include="effect.h">
      <Filter>Drew</Filter>
    </ClInclude>
    <ClInclude Include="flare.h">
      <Filter>Drew</Filter>
    </ClInclude>
    <ClInclude Include="number.h">
      <Filter>Drew</Filter>
    </ClInclude>
    <ClInclude Include="score.h">
      <Filter>Drew</Filter>
    </ClInclude>
    <ClInclude Include="fade.h">
      <Filter>scene</Filter>
    </ClInclude>
    <ClInclude Include="game.h">
      <Filter>scene</Filter>
    </ClInclude>
    <ClInclude Include="gameover.h">
      <Filter>scene</Filter>
    </ClInclude>
    <ClInclude Include="scene.h">
      <Filter>scene</Filter>
    </ClInclude>
    <ClInclude Include="collision.h">
      <Filter>システム</Filter>
    </ClInclude>
    <ClInclude Include="bullet.h">
      <Filter>Player</Filter>
    </ClInclude>
    <ClInclude Include="debugproc.h">
      <Filter>システム</Filter>
    </ClInclude>
    <ClInclude Include="input.h">
      <Filter>システム</Filter>
    </ClInclude>
    <ClInclude Include="player.h">
      <Filter>Player</Filter>
    </ClInclude>
    <ClInclude Include="polygon.h">
      <Filter>システム</Filter>
    </ClInclude>
    <ClInclude Include="Shader.h">
      <Filter>システム</Filter>
    </ClInclude>
    <ClInclude Include="Texture.h">
      <Filter>システム</Filter>
    </ClInclude>
    <ClInclude Include="title.h">
      <Filter>システム</Filter>
    </ClInclude>
    <ClInclude Include="resource.h">
      <Filter>ヘッダー ファイル</Filter>
    </ClInclude>
    <ClInclude Include="EnemyBuller.h">
      <Filter>Enemy</Filter>
    </ClInclude>
    <ClInclude Include="gameclear.h">
      <Filter>scene</Filter>
    </ClInclude>
    <ClInclude Include="EnemyUFO.h">
      <Filter>Enemy</Filter>
    </ClInclude>
    <ClInclude Include="gameclear02.h">
      <Filter>scene</Filter>
    </ClInclude>
  </ItemGroup>
  <ItemGroup>
    <ResourceCompile Include="DX11Game.rc">
      <Filter>リソース ファイル</Filter>
    </ResourceCompile>
  </ItemGroup>
  <ItemGroup>
    <Image Include="res\mainfrm.ico">
      <Filter>リソース ファイル</Filter>
    </Image>
  </ItemGroup>
</Project>